
Microsoft Visual Studio Solution File, Format Version 12.00
# Visual Studio 15
Project("{FAE04EC0-301F-11D3-BF4B-00C04F79EFBC}") = "Assembly-CSharp", "Assembly-CSharp.csproj", "{DA28E8A1-7D6E-1315-910B-06BC965E5E85}"
EndProject
Project("{FAE04EC0-301F-11D3-BF4B-00C04F79EFBC}") = "Assembly-CSharp-Editor-firstpass", "Assembly-CSharp-Editor-firstpass.csproj", "{7D4FE87C-3794-77FC-F089-5E907E6970E4}"
EndProject
Global
	GlobalSection(SolutionConfigurationPlatforms) = preSolution
		Debug|Any CPU = Debug|Any CPU
		Release|Any CPU = Release|Any CPU
	EndGlobalSection
	GlobalSection(ProjectConfigurationPlatforms) = postSolution
		{DA28E8A1-7D6E-1315-910B-06BC965E5E85}.Debug|Any CPU.ActiveCfg = Debug|Any CPU
		{DA28E8A1-7D6E-1315-910B-06BC965E5E85}.Debug|Any CPU.Build.0 = Debug|Any CPU
		{DA28E8A1-7D6E-1315-910B-06BC965E5E85}.Release|Any CPU.ActiveCfg = Release|Any CPU
		{DA28E8A1-7D6E-1315-910B-06BC965E5E85}.Release|Any CPU.Build.0 = Release|Any CPU
		{7D4FE87C-3794-77FC-F089-5E907E6970E4}.Debug|Any CPU.ActiveCfg = Debug|Any CPU
		{7D4FE87C-3794-77FC-F089-5E907E6970E4}.Debug|Any CPU.Build.0 = Debug|Any CPU
		{7D4FE87C-3794-77FC-F089-5E907E6970E4}.Release|Any CPU.ActiveCfg = Release|Any CPU
		{7D4FE87C-3794-77FC-F089-5E907E6970E4}.Release|Any CPU.Build.0 = Release|Any CPU
	EndGlobalSection
	GlobalSection(SolutionProperties) = preSolution
		HideSolutionNode = FALSE
	EndGlobalSection
EndGlobal
